
Microsoft Visual Studio Solution File, Format Version 12.00
# Visual Studio Version 17
VisualStudioVersion = 17.8.34511.84
MinimumVisualStudioVersion = 10.0.40219.1
Project("{FAE04EC0-301F-11D3-BF4B-00C04F79EFBC}") = "mshop.gateway.api", "mshop.gateway.api\mshop.gateway.api.csproj", "{31DDF76C-5F17-4576-89DC-BCB19ABAE0E5}"
EndProject
Global
	GlobalSection(SolutionConfigurationPlatforms) = preSolution
		Debug|Any CPU = Debug|Any CPU
		Release|Any CPU = Release|Any CPU
	EndGlobalSection
	GlobalSection(ProjectConfigurationPlatforms) = postSolution
		{31DDF76C-5F17-4576-89DC-BCB19ABAE0E5}.Debug|Any CPU.ActiveCfg = Debug|Any CPU
		{31DDF76C-5F17-4576-89DC-BCB19ABAE0E5}.Debug|Any CPU.Build.0 = Debug|Any CPU
		{31DDF76C-5F17-4576-89DC-BCB19ABAE0E5}.Release|Any CPU.ActiveCfg = Release|Any CPU
		{31DDF76C-5F17-4576-89DC-BCB19ABAE0E5}.Release|Any CPU.Build.0 = Release|Any CPU
	EndGlobalSection
	GlobalSection(SolutionProperties) = preSolution
		HideSolutionNode = FALSE
	EndGlobalSection
	GlobalSection(ExtensibilityGlobals) = postSolution
		SolutionGuid = {B6F646DF-3C0D-45FF-8D9C-5F39EF8455D4}
	EndGlobalSection
EndGlobal
